# @generated by Move, please check-in and do not edit manually.

[move]
version = 3
manifest_digest = "FA06BB993EF9066B62C4B1925AEE00EBD733E565DAADEC998681372FD8C1577C"
deps_digest = "F8BBB0CCB2491CA29A3DF03D6F92277A4F3574266507ACD77214D37ECA3F3082"
dependencies = [
  { id = "Sui", name = "Sui" },
]

[[move.package]]
id = "MoveStdlib"
source = { git = "https://github.com/MystenLabs/sui.git", rev = "framework/testnet", subdir = "crates/sui-framework/packages/move-stdlib" }

[[move.package]]
id = "Sui"
source = { git = "https://github.com/MystenLabs/sui.git", rev = "framework/testnet", subdir = "crates/sui-framework/packages/sui-framework" }

dependencies = [
  { id = "MoveStdlib", name = "MoveStdlib" },
]

[move.toolchain-version]
compiler-version = "1.39.2"
edition = "2024.beta"
flavor = "sui"

[env]

[env.testnets]
chain-id = "4c78adac"
original-published-id = "0x2a678448edfe153b31970a53865ce1a756dc4081d2101620d27a00de6f1a9ac7"
latest-published-id = "0x2a678448edfe153b31970a53865ce1a756dc4081d2101620d27a00de6f1a9ac7"
published-version = "1"
